<?xml version="1.0" encoding="UTF-8"?>
<Scheme
   version = "1.3">
   <BuildAction>
      <BuildActionEntries>
         <BuildActionEntry
            buildForRunning = "YES">
            <BuildableReference
               BuildableIdentifier = "primary"
               BlueprintIdentifier = "72E821B21AFBACC900E71DA4"
               BuildableName = "RichRelevanceSDKDemo.app"
               BlueprintName = "RichRelevanceSDKDemo"
               ReferencedContainer = "container:RichRelevanceSDKDemo.xcodeproj">
            </BuildableReference>
         </BuildActionEntry>
      </BuildActionEntries>
   </BuildAction>
   <LaunchAction
      useCustomWorkingDirectory = "NO"
      buildConfiguration = "Debug">
      <BuildableProductRunnable>
         <BuildableReference
            BuildableIdentifier = "primary"
            BlueprintIdentifier = "72E821B21AFBACC900E71DA4"
            BuildableName = "RichRelevanceSDKDemo.app"
            BlueprintName = "RichRelevanceSDKDemo"
            ReferencedContainer = "container:RichRelevanceSDKDemo.xcodeproj">
         </BuildableReference>
      </BuildableProductRunnable>
   </LaunchAction>
</Scheme>
